<?xml version="1.0" encoding="utf-8"?>
<Project ToolsVersion="4.0" xmlns="http://schemas.microsoft.com/developer/msbuild/2003">
  <ItemGroup>
    <Filter Include="Source Files">
      <UniqueIdentifier>{4FC737F1-C7A5-4376-A066-2A32D752A2FF}</UniqueIdentifier>
      <Extensions>cpp;c;cc;cxx;def;odl;idl;hpj;bat;asm;asmx</Extensions>
    </Filter>
    <Filter Include="Header Files">
      <UniqueIdentifier>{93995380-89BD-4b04-88EB-625FBE52EBFB}</UniqueIdentifier>
      <Extensions>h;hpp;hxx;hm;inl;inc;xsd</Extensions>
    </Filter>
    <Filter Include="Resource Files">
      <UniqueIdentifier>{67DA6AB6-F800-4c08-8B7A-83BB121AAD01}</UniqueIdentifier>
      <Extensions>rc;ico;cur;bmp;dlg;rc2;rct;bin;rgs;gif;jpg;jpeg;jpe;resx;tiff;tif;png;wav;mfcribbon-ms</Extensions>
    </Filter>
    <Filter Include="Resource Files\Shaders">
      <UniqueIdentifier>{397f7a64-2a60-46d5-93dd-f214c5c0530f}</UniqueIdentifier>
    </Filter>
    <Filter Include="Resource Files\Shaders\VS">
      <UniqueIdentifier>{853fab62-a82f-44ca-8764-dea62b7988ee}</UniqueIdentifier>
    </Filter>
    <Filter Include="Resource Files\Shaders\PS">
      <UniqueIdentifier>{d730d20e-9b83-46c5-b04f-b3a6a1200121}</UniqueIdentifier>
    </Filter>
    <Filter Include="Resource Files\Textures">
      <UniqueIdentifier>{b54b6519-1c47-4601-b0b6-d7e1737b1eab}</UniqueIdentifier>
    </Filter>
    <Filter Include="Resource Files\Models">
      <UniqueIdentifier>{3be86a83-898d-460a-8cbe-6448f47f0915}</UniqueIdentifier>
    </Filter>
  </ItemGroup>
  <ItemGroup>
    <ClCompile Include="CradleWindow.cpp">
      <Filter>Source Files</Filter>
    </ClCompile>
    <ClCompile Include="CradleGame.cpp">
      <Filter>Source Files</Filter>
    </ClCompile>
    <ClCompile Include="CradleD3D.cpp">
      <Filter>Source Files</Filter>
    </ClCompile>
    <ClCompile Include="BasicTimer.cpp">
      <Filter>Source Files</Filter>
    </ClCompile>
    <ClCompile Include="CradleInput.cpp">
      <Filter>Source Files</Filter>
    </ClCompile>
    <ClCompile Include="CradleCamera.cpp">
      <Filter>Source Files</Filter>
    </ClCompile>
    <ClCompile Include="CradleRender.cpp">
      <Filter>Source Files</Filter>
    </ClCompile>
    <ClCompile Include="CradleActor.cpp">
      <Filter>Source Files</Filter>
    </ClCompile>
    <ClCompile Include="CradleFile.cpp">
      <Filter>Source Files</Filter>
    </ClCompile>
    <ClCompile Include="CradleFileManager.cpp">
      <Filter>Source Files</Filter>
    </ClCompile>
    <ClCompile Include="CrTexture2D.cpp">
      <Filter>Source Files</Filter>
    </ClCompile>
    <ClCompile Include="CradleMesh.cpp">
      <Filter>Source Files</Filter>
    </ClCompile>
    <ClCompile Include="TokenStream.cpp">
      <Filter>Source Files</Filter>
    </ClCompile>
    <ClCompile Include="ObjModel.cpp">
      <Filter>Source Files</Filter>
    </ClCompile>
    <ClCompile Include="CradleResource.cpp">
      <Filter>Source Files</Filter>
    </ClCompile>
  </ItemGroup>
  <ItemGroup>
    <ClInclude Include="CradleWindow.h">
      <Filter>Header Files</Filter>
    </ClInclude>
    <ClInclude Include="CradleGame.h">
      <Filter>Header Files</Filter>
    </ClInclude>
    <ClInclude Include="CradleD3D.h">
      <Filter>Header Files</Filter>
    </ClInclude>
    <ClInclude Include="BasicTimer.h">
      <Filter>Header Files</Filter>
    </ClInclude>
    <ClInclude Include="CradleInput.h">
      <Filter>Header Files</Filter>
    </ClInclude>
    <ClInclude Include="CradleCamera.h">
      <Filter>Header Files</Filter>
    </ClInclude>
    <ClInclude Include="CradleRender.h">
      <Filter>Header Files</Filter>
    </ClInclude>
    <ClInclude Include="CradleActor.h">
      <Filter>Header Files</Filter>
    </ClInclude>
    <ClInclude Include="CradleFile.h">
      <Filter>Header Files</Filter>
    </ClInclude>
    <ClInclude Include="CradleFileManager.h">
      <Filter>Header Files</Filter>
    </ClInclude>
    <ClInclude Include="CrTexture2D.h">
      <Filter>Header Files</Filter>
    </ClInclude>
    <ClInclude Include="CradleMesh.h">
      <Filter>Header Files</Filter>
    </ClInclude>
    <ClInclude Include="Macros.h">
      <Filter>Header Files</Filter>
    </ClInclude>
    <ClInclude Include="CradleVertexLayouts.h">
      <Filter>Header Files</Filter>
    </ClInclude>
    <ClInclude Include="TokenStream.h">
      <Filter>Header Files</Filter>
    </ClInclude>
    <ClInclude Include="ObjModel.h">
      <Filter>Header Files</Filter>
    </ClInclude>
    <ClInclude Include="CradleResource.h">
      <Filter>Header Files</Filter>
    </ClInclude>
  </ItemGroup>
  <ItemGroup>
    <FxCompile Include="SolidColorVS.hlsl">
      <Filter>Resource Files\Shaders\VS</Filter>
    </FxCompile>
    <FxCompile Include="SolidColorPS.hlsl">
      <Filter>Resource Files\Shaders\PS</Filter>
    </FxCompile>
  </ItemGroup>
</Project>